{
  "name": "upload-demo",
  "version": "1.0.0",
  "lockfileVersion": 3,
  "requires": true,
  "packages": {
    "": {
      "name": "upload-demo",
      "version": "1.0.0",
      "license": "ISC",
      "dependencies": {
        "pdfjs-dist": "^5.4.530",
        "playwright": "^1.58.0"
      }
    },
    "node_modules/@napi-rs/canvas-win32-arm64-msvc": {
      "version": "0.1.89",
      "resolved": "https://registry.npmjs.org/@napi-rs/canvas-win32-arm64-msvc/-/canvas-win32-arm64-msvc-0.1.89.tgz",
      "integrity": "sha512-DmyXa5lJHcjOsDC78BM3bnEECqbK3xASVMrKfvtT/7S7Z8NGQOugvu+L7b41V6cexCd34mBWgMOsjoEBceeB1Q==",
      "cpu": [
        "arm64"
      ],
      "license": "MIT",
      "optional": true,
      "os": [
        "win32"
      ],
      "engines": {
        "node": ">= 10"
      },
      "funding": {
        "type": "github",
        "url": "https://github.com/sponsors/Brooooooklyn"
      }
    },
    "node_modules/fsevents": {
      "version": "2.3.2",
      "resolved": "https://registry.npmjs.org/fsevents/-/fsevents-2.3.2.tgz",
      "integrity": "sha512-xiqMQR4xAeHTuB9uWm+fFRcIOgKBMiOBP+eXiyT7jsgVCq1bkVygt00oASowB7EdtpOHaaPgKt812P9ab+DDKA==",
      "hasInstallScript": true,
      "license": "MIT",
      "optional": true,
      "os": [
        "darwin"
      ],
      "engines": {
        "node": "^8.16.0 || ^10.6.0 || >=11.0.0"
      }
    },
    "node_modules/pdfjs-dist": {
      "version": "5.4.530",
      "resolved": "https://registry.npmjs.org/pdfjs-dist/-/pdfjs-dist-5.4.530.tgz",
      "integrity": "sha512-r1hWsSIGGmyYUAHR26zSXkxYWLXLMd6AwqcaFYG9YUZ0GBf5GvcjJSeo512tabM4GYFhxhl5pMCmPr7Q72Rq2Q==",
      "license": "Apache-2.0",
      "engines": {
        "node": ">=20.16.0 || >=22.3.0"
      },
      "optionalDependencies": {
        "@napi-rs/canvas": "^0.1.84"
      }
    },
    "node_modules/pdfjs-dist/node_modules/@napi-rs/canvas": {
      "version": "0.1.89",
      "resolved": "https://registry.npmjs.org/@napi-rs/canvas/-/canvas-0.1.89.tgz",
      "integrity": "sha512-7GjmkMirJHejeALCqUnZY3QwID7bbumOiLrqq2LKgxrdjdmxWQBTc6rcASa2u8wuWrH7qo4/4n/VNrOwCoKlKg==",
      "license": "MIT",
      "optional": true,
      "workspaces": [
        "e2e/*"
      ],
      "engines": {
        "node": ">= 10"
      },
      "funding": {
        "type": "github",
        "url": "https://github.com/sponsors/Brooooooklyn"
      },
      "optionalDependencies": {
        "@napi-rs/canvas-android-arm64": "0.1.89",
        "@napi-rs/canvas-darwin-arm64": "0.1.89",
        "@napi-rs/canvas-darwin-x64": "0.1.89",
        "@napi-rs/canvas-linux-arm-gnueabihf": "0.1.89",
        "@napi-rs/canvas-linux-arm64-gnu": "0.1.89",
        "@napi-rs/canvas-linux-arm64-musl": "0.1.89",
        "@napi-rs/canvas-linux-riscv64-gnu": "0.1.89",
        "@napi-rs/canvas-linux-x64-gnu": "0.1.89",
        "@napi-rs/canvas-linux-x64-musl": "0.1.89",
        "@napi-rs/canvas-win32-arm64-msvc": "0.1.89",
        "@napi-rs/canvas-win32-x64-msvc": "0.1.89"
      }
    },
    "node_modules/pdfjs-dist/node_modules/@napi-rs/canvas-android-arm64": {
      "version": "0.1.89",
      "resolved": "https://registry.npmjs.org/@napi-rs/canvas-android-arm64/-/canvas-android-arm64-0.1.89.tgz",
      "integrity": "sha512-CXxQTXsjtQqKGENS8Ejv9pZOFJhOPIl2goenS+aU8dY4DygvkyagDhy/I07D1YLqrDtPvLEX5zZHt8qUdnuIpQ==",
      "cpu": [
        "arm64"
      ],
      "license": "MIT",
      "optional": true,
      "os": [
        "android"
      ],
      "engines": {
        "node": ">= 10"
      },
      "funding": {
        "type": "github",
        "url": "https://github.com/sponsors/Brooooooklyn"
      }
    },
    "node_modules/pdfjs-dist/node_modules/@napi-rs/canvas-darwin-arm64": {
      "version": "0.1.89",
      "resolved": "https://registry.npmjs.org/@napi-rs/canvas-darwin-arm64/-/canvas-darwin-arm64-0.1.89.tgz",
      "integrity": "sha512-k29cR/Zl20WLYM7M8YePevRu2VQRaKcRedYr1V/8FFHkyIQ8kShEV+MPoPGi+znvmd17Eqjy2Pk2F2kpM2umVg==",
      "cpu": [
        "arm64"
      ],
      "license": "MIT",
      "optional": true,
      "os": [
        "darwin"
      ],
      "engines": {
        "node": ">= 10"
      },
      "funding": {
        "type": "github",
        "url": "https://github.com/sponsors/Brooooooklyn"
      }
    },
    "node_modules/pdfjs-dist/node_modules/@napi-rs/canvas-darwin-x64": {
      "version": "0.1.89",
      "resolved": "https://registry.npmjs.org/@napi-rs/canvas-darwin-x64/-/canvas-darwin-x64-0.1.89.tgz",
      "integrity": "sha512-iUragqhBrA5FqU13pkhYBDbUD1WEAIlT8R2+fj6xHICY2nemzwMUI8OENDhRh7zuL06YDcRwENbjAVxOmaX9jg==",
      "cpu": [
        "x64"
      ],
      "license": "MIT",
      "optional": true,
      "os": [
        "darwin"
      ],
      "engines": {
        "node": ">= 10"
      },
      "funding": {
        "type": "github",
        "url": "https://github.com/sponsors/Brooooooklyn"
      }
    },
    "node_modules/pdfjs-dist/node_modules/@napi-rs/canvas-linux-arm-gnueabihf": {
      "version": "0.1.89",
      "resolved": "https://registry.npmjs.org/@napi-rs/canvas-linux-arm-gnueabihf/-/canvas-linux-arm-gnueabihf-0.1.89.tgz",
      "integrity": "sha512-y3SM9sfDWasY58ftoaI09YBFm35Ig8tosZqgahLJ2WGqawCusGNPV9P0/4PsrLOCZqGg629WxexQMY25n7zcvA==",
      "cpu": [
        "arm"
      ],
      "license": "MIT",
      "optional": true,
      "os": [
        "linux"
      ],
      "engines": {
        "node": ">= 10"
      },
      "funding": {
        "type": "github",
        "url": "https://github.com/sponsors/Brooooooklyn"
      }
    },
    "node_modules/pdfjs-dist/node_modules/@napi-rs/canvas-linux-arm64-gnu": {
      "version": "0.1.89",
      "resolved": "https://registry.npmjs.org/@napi-rs/canvas-linux-arm64-gnu/-/canvas-linux-arm64-gnu-0.1.89.tgz",
      "integrity": "sha512-NEoF9y8xq5fX8HG8aZunBom1ILdTwt7ayBzSBIwrmitk7snj4W6Fz/yN/ZOmlM1iyzHDNX5Xn0n+VgWCF8BEdA==",
      "cpu": [
        "arm64"
      ],
      "license": "MIT",
      "optional": true,
      "os": [
        "linux"
      ],
      "engines": {
        "node": ">= 10"
      },
      "funding": {
        "type": "github",
        "url": "https://github.com/sponsors/Brooooooklyn"
      }
    },
    "node_modules/pdfjs-dist/node_modules/@napi-rs/canvas-linux-arm64-musl": {
      "version": "0.1.89",
      "resolved": "https://registry.npmjs.org/@napi-rs/canvas-linux-arm64-musl/-/canvas-linux-arm64-musl-0.1.89.tgz",
      "integrity": "sha512-UQQkIEzV12/l60j1ziMjZ+mtodICNUbrd205uAhbyTw0t60CrC/EsKb5/aJWGq1wM0agvcgZV72JJCKfLS6+4w==",
      "cpu": [
        "arm64"
      ],
      "license": "MIT",
      "optional": true,
      "os": [
        "linux"
      ],
      "engines": {
        "node": ">= 10"
      },
      "funding": {
        "type": "github",
        "url": "https://github.com/sponsors/Brooooooklyn"
      }
    },
    "node_modules/pdfjs-dist/node_modules/@napi-rs/canvas-linux-riscv64-gnu": {
      "version": "0.1.89",
      "resolved": "https://registry.npmjs.org/@napi-rs/canvas-linux-riscv64-gnu/-/canvas-linux-riscv64-gnu-0.1.89.tgz",
      "integrity": "sha512-1/VmEoFaIO6ONeeEMGoWF17wOYZOl5hxDC1ios2Bkz/oQjbJJ8DY/X22vWTmvuUKWWhBVlo63pxLGZbjJU/heA==",
      "cpu": [
        "riscv64"
      ],
      "license": "MIT",
      "optional": true,
      "os": [
        "linux"
      ],
      "engines": {
        "node": ">= 10"
      },
      "funding": {
        "type": "github",
        "url": "https://github.com/sponsors/Brooooooklyn"
      }
    },
    "node_modules/pdfjs-dist/node_modules/@napi-rs/canvas-linux-x64-gnu": {
      "version": "0.1.89",
      "resolved": "https://registry.npmjs.org/@napi-rs/canvas-linux-x64-gnu/-/canvas-linux-x64-gnu-0.1.89.tgz",
      "integrity": "sha512-ebLuqkCuaPIkKgKH9q4+pqWi1tkPOfiTk5PM1LKR1tB9iO9sFNVSIgwEp+SJreTSbA2DK5rW8lQXiN78SjtcvA==",
      "cpu": [
        "x64"
      ],
      "license": "MIT",
      "optional": true,
      "os": [
        "linux"
      ],
      "engines": {
        "node": ">= 10"
      },
      "funding": {
        "type": "github",
        "url": "https://github.com/sponsors/Brooooooklyn"
      }
    },
    "node_modules/pdfjs-dist/node_modules/@napi-rs/canvas-linux-x64-musl": {
      "version": "0.1.89",
      "resolved": "https://registry.npmjs.org/@napi-rs/canvas-linux-x64-musl/-/canvas-linux-x64-musl-0.1.89.tgz",
      "integrity": "sha512-w+5qxHzplvA4BkHhCaizNMLLXiI+CfP84YhpHm/PqMub4u8J0uOAv+aaGv40rYEYra5hHRWr9LUd6cfW32o9/A==",
      "cpu": [
        "x64"
      ],
      "license": "MIT",
      "optional": true,
      "os": [
        "linux"
      ],
      "engines": {
        "node": ">= 10"
      },
      "funding": {
        "type": "github",
        "url": "https://github.com/sponsors/Brooooooklyn"
      }
    },
    "node_modules/pdfjs-dist/node_modules/@napi-rs/canvas-win32-x64-msvc": {
      "version": "0.1.89",
      "resolved": "https://registry.npmjs.org/@napi-rs/canvas-win32-x64-msvc/-/canvas-win32-x64-msvc-0.1.89.tgz",
      "integrity": "sha512-WMej0LZrIqIncQcx0JHaMXlnAG7sncwJh7obs/GBgp0xF9qABjwoRwIooMWCZkSansapKGNUHhamY6qEnFN7gA==",
      "cpu": [
        "x64"
      ],
      "license": "MIT",
      "optional": true,
      "os": [
        "win32"
      ],
      "engines": {
        "node": ">= 10"
      },
      "funding": {
        "type": "github",
        "url": "https://github.com/sponsors/Brooooooklyn"
      }
    },
    "node_modules/playwright": {
      "version": "1.58.0",
      "resolved": "https://registry.npmjs.org/playwright/-/playwright-1.58.0.tgz",
      "integrity": "sha512-2SVA0sbPktiIY/MCOPX8e86ehA/e+tDNq+e5Y8qjKYti2Z/JG7xnronT/TXTIkKbYGWlCbuucZ6dziEgkoEjQQ==",
      "license": "Apache-2.0",
      "dependencies": {
        "playwright-core": "1.58.0"
      },
      "bin": {
        "playwright": "cli.js"
      },
      "engines": {
        "node": ">=18"
      },
      "optionalDependencies": {
        "fsevents": "2.3.2"
      }
    },
    "node_modules/playwright-core": {
      "version": "1.58.0",
      "resolved": "https://registry.npmjs.org/playwright-core/-/playwright-core-1.58.0.tgz",
      "integrity": "sha512-aaoB1RWrdNi3//rOeKuMiS65UCcgOVljU46At6eFcOFPFHWtd2weHRRow6z/n+Lec0Lvu0k9ZPKJSjPugikirw==",
      "license": "Apache-2.0",
      "bin": {
        "playwright-core": "cli.js"
      },
      "engines": {
        "node": ">=18"
      }
    }
  }
}
